
Microsoft Visual Studio Solution File, Format Version 12.00
# Visual Studio Version 16
VisualStudioVersion = 16.0.30204.135
MinimumVisualStudioVersion = 10.0.40219.1
Project("{159641D6-6404-4A2A-AE62-294DE0FE8301}") = "BasicPackage", "BasicPackage\BasicPackage.dtproj", "{27529E3D-FB59-4728-8F29-2D7312867102}"
EndProject
Global
	GlobalSection(SolutionConfigurationPlatforms) = preSolution
		Development|Default = Development|Default
	EndGlobalSection
	GlobalSection(ProjectConfigurationPlatforms) = postSolution
		{27529E3D-FB59-4728-8F29-2D7312867102}.Development|Default.ActiveCfg = Development
		{27529E3D-FB59-4728-8F29-2D7312867102}.Development|Default.Build.0 = Development
	EndGlobalSection
	GlobalSection(SolutionProperties) = preSolution
		HideSolutionNode = FALSE
	EndGlobalSection
	GlobalSection(ExtensibilityGlobals) = postSolution
		SolutionGuid = {541B5A00-AF6B-4EA9-9B24-3C1D5A36D2CB}
	EndGlobalSection
EndGlobal
